
Microsoft Visual Studio Solution File, Format Version 12.00
# Visual Studio Version 17
VisualStudioVersion = 17.5.33414.496
MinimumVisualStudioVersion = 10.0.40219.1
Project("{FAE04EC0-301F-11D3-BF4B-00C04F79EFBC}") = "aspnetserver", "aspnetserver\aspnetserver.csproj", "{BE5A0723-C76E-488E-A342-205430FDB239}"
EndProject
Global
	GlobalSection(SolutionConfigurationPlatforms) = preSolution
		Debug|Any CPU = Debug|Any CPU
		Release|Any CPU = Release|Any CPU
	EndGlobalSection
	GlobalSection(ProjectConfigurationPlatforms) = postSolution
		{BE5A0723-C76E-488E-A342-205430FDB239}.Debug|Any CPU.ActiveCfg = Debug|Any CPU
		{BE5A0723-C76E-488E-A342-205430FDB239}.Debug|Any CPU.Build.0 = Debug|Any CPU
		{BE5A0723-C76E-488E-A342-205430FDB239}.Release|Any CPU.ActiveCfg = Release|Any CPU
		{BE5A0723-C76E-488E-A342-205430FDB239}.Release|Any CPU.Build.0 = Release|Any CPU
	EndGlobalSection
	GlobalSection(SolutionProperties) = preSolution
		HideSolutionNode = FALSE
	EndGlobalSection
	GlobalSection(ExtensibilityGlobals) = postSolution
		SolutionGuid = {DA51F256-85D8-4CC9-B1CD-58E6AAF44D32}
	EndGlobalSection
EndGlobal
